
Microsoft Visual Studio Solution File, Format Version 12.00
# Visual Studio 14
VisualStudioVersion = 14.0.25420.1
MinimumVisualStudioVersion = 10.0.40219.1
Project("{FAE04EC0-301F-11D3-BF4B-00C04F79EFBC}") = "MP3 Player", "MP3 Player\MP3 Player.csproj", "{E8DB357B-2B05-463A-8FFA-EB4449526CDD}"
EndProject
Global
	GlobalSection(SolutionConfigurationPlatforms) = preSolution
		Debug|Any CPU = Debug|Any CPU
		Release|Any CPU = Release|Any CPU
	EndGlobalSection
	GlobalSection(ProjectConfigurationPlatforms) = postSolution
		{E8DB357B-2B05-463A-8FFA-EB4449526CDD}.Debug|Any CPU.ActiveCfg = Debug|Any CPU
		{E8DB357B-2B05-463A-8FFA-EB4449526CDD}.Debug|Any CPU.Build.0 = Debug|Any CPU
		{E8DB357B-2B05-463A-8FFA-EB4449526CDD}.Release|Any CPU.ActiveCfg = Release|Any CPU
		{E8DB357B-2B05-463A-8FFA-EB4449526CDD}.Release|Any CPU.Build.0 = Release|Any CPU
	EndGlobalSection
	GlobalSection(SolutionProperties) = preSolution
		HideSolutionNode = FALSE
	EndGlobalSection
EndGlobal
